
Microsoft Visual Studio Solution File, Format Version 12.00
# Visual Studio Version 17
VisualStudioVersion = 17.8.34511.84
MinimumVisualStudioVersion = 10.0.40219.1
Project("{8BC9CEB8-8B4A-11D0-8D11-00A0C91BC942}") = "Calculator program", "Calculator program.vcxproj", "{0EFB52FA-C2B7-4744-BDD8-B2F15B8D2366}"
EndProject
Global
	GlobalSection(SolutionConfigurationPlatforms) = preSolution
		Debug|x64 = Debug|x64
		Debug|x86 = Debug|x86
		Release|x64 = Release|x64
		Release|x86 = Release|x86
	EndGlobalSection
	GlobalSection(ProjectConfigurationPlatforms) = postSolution
		{0EFB52FA-C2B7-4744-BDD8-B2F15B8D2366}.Debug|x64.ActiveCfg = Debug|x64
		{0EFB52FA-C2B7-4744-BDD8-B2F15B8D2366}.Debug|x64.Build.0 = Debug|x64
		{0EFB52FA-C2B7-4744-BDD8-B2F15B8D2366}.Debug|x86.ActiveCfg = Debug|Win32
		{0EFB52FA-C2B7-4744-BDD8-B2F15B8D2366}.Debug|x86.Build.0 = Debug|Win32
		{0EFB52FA-C2B7-4744-BDD8-B2F15B8D2366}.Release|x64.ActiveCfg = Release|x64
		{0EFB52FA-C2B7-4744-BDD8-B2F15B8D2366}.Release|x64.Build.0 = Release|x64
		{0EFB52FA-C2B7-4744-BDD8-B2F15B8D2366}.Release|x86.ActiveCfg = Release|Win32
		{0EFB52FA-C2B7-4744-BDD8-B2F15B8D2366}.Release|x86.Build.0 = Release|Win32
	EndGlobalSection
	GlobalSection(SolutionProperties) = preSolution
		HideSolutionNode = FALSE
	EndGlobalSection
	GlobalSection(ExtensibilityGlobals) = postSolution
		SolutionGuid = {EB041C47-7809-4D97-BAD2-5407C0B30290}
	EndGlobalSection
EndGlobal
